
Microsoft Visual Studio Solution File, Format Version 12.00
# Visual Studio Version 16
VisualStudioVersion = 16.0.29102.190
MinimumVisualStudioVersion = 10.0.40219.1
Project("{FAE04EC0-301F-11D3-BF4B-00C04F79EFBC}") = "Xam.Sf.FormsPdf.UWP", "Xam.Sf.FormsPdf\Xam.Sf.FormsPdf.UWP\Xam.Sf.FormsPdf.UWP.csproj", "{8244433C-4EFA-4B31-92D8-F21C24C44F1B}"
EndProject
Project("{FAE04EC0-301F-11D3-BF4B-00C04F79EFBC}") = "Xam.Sf.FormsPdf.Android", "Xam.Sf.FormsPdf\Xam.Sf.FormsPdf.Android\Xam.Sf.FormsPdf.Android.csproj", "{7B49D257-FC0F-4B92-AFB7-C5337FD4CB11}"
EndProject
Project("{FAE04EC0-301F-11D3-BF4B-00C04F79EFBC}") = "Xam.Sf.FormsPdf.iOS", "Xam.Sf.FormsPdf\Xam.Sf.FormsPdf.iOS\Xam.Sf.FormsPdf.iOS.csproj", "{14783622-3A71-4BDA-81A5-90EEC6915339}"
EndProject
Project("{FAE04EC0-301F-11D3-BF4B-00C04F79EFBC}") = "Xam.Sf.FormsPdf", "Xam.Sf.FormsPdf\Xam.Sf.FormsPdf\Xam.Sf.FormsPdf.csproj", "{98A505BE-462B-4209-A3B2-945033349EDF}"
EndProject
Global
	GlobalSection(SolutionConfigurationPlatforms) = preSolution
		Debug|Any CPU = Debug|Any CPU
		Debug|ARM = Debug|ARM
		Debug|iPhone = Debug|iPhone
		Debug|iPhoneSimulator = Debug|iPhoneSimulator
		Debug|x64 = Debug|x64
		Debug|x86 = Debug|x86
		Release|Any CPU = Release|Any CPU
		Release|ARM = Release|ARM
		Release|iPhone = Release|iPhone
		Release|iPhoneSimulator = Release|iPhoneSimulator
		Release|x64 = Release|x64
		Release|x86 = Release|x86
	EndGlobalSection
	GlobalSection(ProjectConfigurationPlatforms) = postSolution
		{8244433C-4EFA-4B31-92D8-F21C24C44F1B}.Debug|Any CPU.ActiveCfg = Debug|x86
		{8244433C-4EFA-4B31-92D8-F21C24C44F1B}.Debug|Any CPU.Build.0 = Debug|x86
		{8244433C-4EFA-4B31-92D8-F21C24C44F1B}.Debug|Any CPU.Deploy.0 = Debug|x86
		{8244433C-4EFA-4B31-92D8-F21C24C44F1B}.Debug|ARM.ActiveCfg = Debug|ARM
		{8244433C-4EFA-4B31-92D8-F21C24C44F1B}.Debug|ARM.Build.0 = Debug|ARM
		{8244433C-4EFA-4B31-92D8-F21C24C44F1B}.Debug|ARM.Deploy.0 = Debug|ARM
		{8244433C-4EFA-4B31-92D8-F21C24C44F1B}.Debug|iPhone.ActiveCfg = Debug|x86
		{8244433C-4EFA-4B31-92D8-F21C24C44F1B}.Debug|iPhone.Build.0 = Debug|x86
		{8244433C-4EFA-4B31-92D8-F21C24C44F1B}.Debug|iPhone.Deploy.0 = Debug|x86
		{8244433C-4EFA-4B31-92D8-F21C24C44F1B}.Debug|iPhoneSimulator.ActiveCfg = Debug|x86
		{8244433C-4EFA-4B31-92D8-F21C24C44F1B}.Debug|iPhoneSimulator.Build.0 = Debug|x86
		{8244433C-4EFA-4B31-92D8-F21C24C44F1B}.Debug|iPhoneSimulator.Deploy.0 = Debug|x86
		{8244433C-4EFA-4B31-92D8-F21C24C44F1B}.Debug|x64.ActiveCfg = Debug|x64
		{8244433C-4EFA-4B31-92D8-F21C24C44F1B}.Debug|x64.Build.0 = Debug|x64
		{8244433C-4EFA-4B31-92D8-F21C24C44F1B}.Debug|x64.Deploy.0 = Debug|x64
		{8244433C-4EFA-4B31-92D8-F21C24C44F1B}.Debug|x86.ActiveCfg = Debug|x86
		{8244433C-4EFA-4B31-92D8-F21C24C44F1B}.Debug|x86.Build.0 = Debug|x86
		{8244433C-4EFA-4B31-92D8-F21C24C44F1B}.Debug|x86.Deploy.0 = Debug|x86
		{8244433C-4EFA-4B31-92D8-F21C24C44F1B}.Release|Any CPU.ActiveCfg = Release|x86
		{8244433C-4EFA-4B31-92D8-F21C24C44F1B}.Release|Any CPU.Build.0 = Release|x86
		{8244433C-4EFA-4B31-92D8-F21C24C44F1B}.Release|Any CPU.Deploy.0 = Release|x86
		{8244433C-4EFA-4B31-92D8-F21C24C44F1B}.Release|ARM.ActiveCfg = Release|ARM
		{8244433C-4EFA-4B31-92D8-F21C24C44F1B}.Release|ARM.Build.0 = Release|ARM
		{8244433C-4EFA-4B31-92D8-F21C24C44F1B}.Release|ARM.Deploy.0 = Release|ARM
		{8244433C-4EFA-4B31-92D8-F21C24C44F1B}.Release|iPhone.ActiveCfg = Release|x86
		{8244433C-4EFA-4B31-92D8-F21C24C44F1B}.Release|iPhone.Build.0 = Release|x86
		{8244433C-4EFA-4B31-92D8-F21C24C44F1B}.Release|iPhone.Deploy.0 = Release|x86
		{8244433C-4EFA-4B31-92D8-F21C24C44F1B}.Release|iPhoneSimulator.ActiveCfg = Release|x86
		{8244433C-4EFA-4B31-92D8-F21C24C44F1B}.Release|iPhoneSimulator.Build.0 = Release|x86
		{8244433C-4EFA-4B31-92D8-F21C24C44F1B}.Release|iPhoneSimulator.Deploy.0 = Release|x86
		{8244433C-4EFA-4B31-92D8-F21C24C44F1B}.Release|x64.ActiveCfg = Release|x64
		{8244433C-4EFA-4B31-92D8-F21C24C44F1B}.Release|x64.Build.0 = Release|x64
		{8244433C-4EFA-4B31-92D8-F21C24C44F1B}.Release|x64.Deploy.0 = Release|x64
		{8244433C-4EFA-4B31-92D8-F21C24C44F1B}.Release|x86.ActiveCfg = Release|x86
		{8244433C-4EFA-4B31-92D8-F21C24C44F1B}.Release|x86.Build.0 = Release|x86
		{8244433C-4EFA-4B31-92D8-F21C24C44F1B}.Release|x86.Deploy.0 = Release|x86
		{7B49D257-FC0F-4B92-AFB7-C5337FD4CB11}.Debug|Any CPU.ActiveCfg = Debug|Any CPU
		{7B49D257-FC0F-4B92-AFB7-C5337FD4CB11}.Debug|Any CPU.Build.0 = Debug|Any CPU
		{7B49D257-FC0F-4B92-AFB7-C5337FD4CB11}.Debug|Any CPU.Deploy.0 = Debug|Any CPU
		{7B49D257-FC0F-4B92-AFB7-C5337FD4CB11}.Debug|ARM.ActiveCfg = Debug|Any CPU
		{7B49D257-FC0F-4B92-AFB7-C5337FD4CB11}.Debug|ARM.Build.0 = Debug|Any CPU
		{7B49D257-FC0F-4B92-AFB7-C5337FD4CB11}.Debug|ARM.Deploy.0 = Debug|Any CPU
		{7B49D257-FC0F-4B92-AFB7-C5337FD4CB11}.Debug|iPhone.ActiveCfg = Debug|Any CPU
		{7B49D257-FC0F-4B92-AFB7-C5337FD4CB11}.Debug|iPhone.Build.0 = Debug|Any CPU
		{7B49D257-FC0F-4B92-AFB7-C5337FD4CB11}.Debug|iPhone.Deploy.0 = Debug|Any CPU
		{7B49D257-FC0F-4B92-AFB7-C5337FD4CB11}.Debug|iPhoneSimulator.ActiveCfg = Debug|Any CPU
		{7B49D257-FC0F-4B92-AFB7-C5337FD4CB11}.Debug|iPhoneSimulator.Build.0 = Debug|Any CPU
		{7B49D257-FC0F-4B92-AFB7-C5337FD4CB11}.Debug|iPhoneSimulator.Deploy.0 = Debug|Any CPU
		{7B49D257-FC0F-4B92-AFB7-C5337FD4CB11}.Debug|x64.ActiveCfg = Debug|Any CPU
		{7B49D257-FC0F-4B92-AFB7-C5337FD4CB11}.Debug|x64.Build.0 = Debug|Any CPU
		{7B49D257-FC0F-4B92-AFB7-C5337FD4CB11}.Debug|x64.Deploy.0 = Debug|Any CPU
		{7B49D257-FC0F-4B92-AFB7-C5337FD4CB11}.Debug|x86.ActiveCfg = Debug|Any CPU
		{7B49D257-FC0F-4B92-AFB7-C5337FD4CB11}.Debug|x86.Build.0 = Debug|Any CPU
		{7B49D257-FC0F-4B92-AFB7-C5337FD4CB11}.Debug|x86.Deploy.0 = Debug|Any CPU
		{7B49D257-FC0F-4B92-AFB7-C5337FD4CB11}.Release|Any CPU.ActiveCfg = Release|Any CPU
		{7B49D257-FC0F-4B92-AFB7-C5337FD4CB11}.Release|Any CPU.Build.0 = Release|Any CPU
		{7B49D257-FC0F-4B92-AFB7-C5337FD4CB11}.Release|Any CPU.Deploy.0 = Release|Any CPU
		{7B49D257-FC0F-4B92-AFB7-C5337FD4CB11}.Release|ARM.ActiveCfg = Release|Any CPU
		{7B49D257-FC0F-4B92-AFB7-C5337FD4CB11}.Release|ARM.Build.0 = Release|Any CPU
		{7B49D257-FC0F-4B92-AFB7-C5337FD4CB11}.Release|ARM.Deploy.0 = Release|Any CPU
		{7B49D257-FC0F-4B92-AFB7-C5337FD4CB11}.Release|iPhone.ActiveCfg = Release|Any CPU
		{7B49D257-FC0F-4B92-AFB7-C5337FD4CB11}.Release|iPhone.Build.0 = Release|Any CPU
		{7B49D257-FC0F-4B92-AFB7-C5337FD4CB11}.Release|iPhone.Deploy.0 = Release|Any CPU
		{7B49D257-FC0F-4B92-AFB7-C5337FD4CB11}.Release|iPhoneSimulator.ActiveCfg = Release|Any CPU
		{7B49D257-FC0F-4B92-AFB7-C5337FD4CB11}.Release|iPhoneSimulator.Build.0 = Release|Any CPU
		{7B49D257-FC0F-4B92-AFB7-C5337FD4CB11}.Release|iPhoneSimulator.Deploy.0 = Release|Any CPU
		{7B49D257-FC0F-4B92-AFB7-C5337FD4CB11}.Release|x64.ActiveCfg = Release|Any CPU
		{7B49D257-FC0F-4B92-AFB7-C5337FD4CB11}.Release|x64.Build.0 = Release|Any CPU
		{7B49D257-FC0F-4B92-AFB7-C5337FD4CB11}.Release|x64.Deploy.0 = Release|Any CPU
		{7B49D257-FC0F-4B92-AFB7-C5337FD4CB11}.Release|x86.ActiveCfg = Release|Any CPU
		{7B49D257-FC0F-4B92-AFB7-C5337FD4CB11}.Release|x86.Build.0 = Release|Any CPU
		{7B49D257-FC0F-4B92-AFB7-C5337FD4CB11}.Release|x86.Deploy.0 = Release|Any CPU
		{14783622-3A71-4BDA-81A5-90EEC6915339}.Debug|Any CPU.ActiveCfg = Debug|iPhone
		{14783622-3A71-4BDA-81A5-90EEC6915339}.Debug|Any CPU.Build.0 = Debug|iPhone
		{14783622-3A71-4BDA-81A5-90EEC6915339}.Debug|Any CPU.Deploy.0 = Debug|iPhone
		{14783622-3A71-4BDA-81A5-90EEC6915339}.Debug|ARM.ActiveCfg = Debug|iPhoneSimulator
		{14783622-3A71-4BDA-81A5-90EEC6915339}.Debug|ARM.Build.0 = Debug|iPhoneSimulator
		{14783622-3A71-4BDA-81A5-90EEC6915339}.Debug|ARM.Deploy.0 = Debug|iPhoneSimulator
		{14783622-3A71-4BDA-81A5-90EEC6915339}.Debug|iPhone.ActiveCfg = Debug|iPhone
		{14783622-3A71-4BDA-81A5-90EEC6915339}.Debug|iPhone.Build.0 = Debug|iPhone
		{14783622-3A71-4BDA-81A5-90EEC6915339}.Debug|iPhone.Deploy.0 = Debug|iPhone
		{14783622-3A71-4BDA-81A5-90EEC6915339}.Debug|iPhoneSimulator.ActiveCfg = Debug|iPhoneSimulator
		{14783622-3A71-4BDA-81A5-90EEC6915339}.Debug|iPhoneSimulator.Build.0 = Debug|iPhoneSimulator
		{14783622-3A71-4BDA-81A5-90EEC6915339}.Debug|iPhoneSimulator.Deploy.0 = Debug|iPhoneSimulator
		{14783622-3A71-4BDA-81A5-90EEC6915339}.Debug|x64.ActiveCfg = Debug|iPhone
		{14783622-3A71-4BDA-81A5-90EEC6915339}.Debug|x64.Build.0 = Debug|iPhone
		{14783622-3A71-4BDA-81A5-90EEC6915339}.Debug|x64.Deploy.0 = Debug|iPhone
		{14783622-3A71-4BDA-81A5-90EEC6915339}.Debug|x86.ActiveCfg = Debug|iPhone
		{14783622-3A71-4BDA-81A5-90EEC6915339}.Debug|x86.Build.0 = Debug|iPhone
		{14783622-3A71-4BDA-81A5-90EEC6915339}.Debug|x86.Deploy.0 = Debug|iPhone
		{14783622-3A71-4BDA-81A5-90EEC6915339}.Release|Any CPU.ActiveCfg = Release|iPhone
		{14783622-3A71-4BDA-81A5-90EEC6915339}.Release|Any CPU.Build.0 = Release|iPhone
		{14783622-3A71-4BDA-81A5-90EEC6915339}.Release|Any CPU.Deploy.0 = Release|iPhone
		{14783622-3A71-4BDA-81A5-90EEC6915339}.Release|ARM.ActiveCfg = Release|iPhone
		{14783622-3A71-4BDA-81A5-90EEC6915339}.Release|ARM.Build.0 = Release|iPhone
		{14783622-3A71-4BDA-81A5-90EEC6915339}.Release|ARM.Deploy.0 = Release|iPhone
		{14783622-3A71-4BDA-81A5-90EEC6915339}.Release|iPhone.ActiveCfg = Release|iPhone
		{14783622-3A71-4BDA-81A5-90EEC6915339}.Release|iPhone.Build.0 = Release|iPhone
		{14783622-3A71-4BDA-81A5-90EEC6915339}.Release|iPhone.Deploy.0 = Release|iPhone
		{14783622-3A71-4BDA-81A5-90EEC6915339}.Release|iPhoneSimulator.ActiveCfg = Release|iPhoneSimulator
		{14783622-3A71-4BDA-81A5-90EEC6915339}.Release|iPhoneSimulator.Build.0 = Release|iPhoneSimulator
		{14783622-3A71-4BDA-81A5-90EEC6915339}.Release|iPhoneSimulator.Deploy.0 = Release|iPhoneSimulator
		{14783622-3A71-4BDA-81A5-90EEC6915339}.Release|x64.ActiveCfg = Release|iPhone
		{14783622-3A71-4BDA-81A5-90EEC6915339}.Release|x64.Build.0 = Release|iPhone
		{14783622-3A71-4BDA-81A5-90EEC6915339}.Release|x64.Deploy.0 = Release|iPhone
		{14783622-3A71-4BDA-81A5-90EEC6915339}.Release|x86.ActiveCfg = Release|iPhone
		{14783622-3A71-4BDA-81A5-90EEC6915339}.Release|x86.Build.0 = Release|iPhone
		{14783622-3A71-4BDA-81A5-90EEC6915339}.Release|x86.Deploy.0 = Release|iPhone
		{98A505BE-462B-4209-A3B2-945033349EDF}.Debug|Any CPU.ActiveCfg = Debug|Any CPU
		{98A505BE-462B-4209-A3B2-945033349EDF}.Debug|Any CPU.Build.0 = Debug|Any CPU
		{98A505BE-462B-4209-A3B2-945033349EDF}.Debug|Any CPU.Deploy.0 = Debug|Any CPU
		{98A505BE-462B-4209-A3B2-945033349EDF}.Debug|ARM.ActiveCfg = Debug|Any CPU
		{98A505BE-462B-4209-A3B2-945033349EDF}.Debug|ARM.Build.0 = Debug|Any CPU
		{98A505BE-462B-4209-A3B2-945033349EDF}.Debug|ARM.Deploy.0 = Debug|Any CPU
		{98A505BE-462B-4209-A3B2-945033349EDF}.Debug|iPhone.ActiveCfg = Debug|Any CPU
		{98A505BE-462B-4209-A3B2-945033349EDF}.Debug|iPhone.Build.0 = Debug|Any CPU
		{98A505BE-462B-4209-A3B2-945033349EDF}.Debug|iPhone.Deploy.0 = Debug|Any CPU
		{98A505BE-462B-4209-A3B2-945033349EDF}.Debug|iPhoneSimulator.ActiveCfg = Debug|Any CPU
		{98A505BE-462B-4209-A3B2-945033349EDF}.Debug|iPhoneSimulator.Build.0 = Debug|Any CPU
		{98A505BE-462B-4209-A3B2-945033349EDF}.Debug|iPhoneSimulator.Deploy.0 = Debug|Any CPU
		{98A505BE-462B-4209-A3B2-945033349EDF}.Debug|x64.ActiveCfg = Debug|Any CPU
		{98A505BE-462B-4209-A3B2-945033349EDF}.Debug|x64.Build.0 = Debug|Any CPU
		{98A505BE-462B-4209-A3B2-945033349EDF}.Debug|x64.Deploy.0 = Debug|Any CPU
		{98A505BE-462B-4209-A3B2-945033349EDF}.Debug|x86.ActiveCfg = Debug|Any CPU
		{98A505BE-462B-4209-A3B2-945033349EDF}.Debug|x86.Build.0 = Debug|Any CPU
		{98A505BE-462B-4209-A3B2-945033349EDF}.Debug|x86.Deploy.0 = Debug|Any CPU
		{98A505BE-462B-4209-A3B2-945033349EDF}.Release|Any CPU.ActiveCfg = Release|Any CPU
		{98A505BE-462B-4209-A3B2-945033349EDF}.Release|Any CPU.Build.0 = Release|Any CPU
		{98A505BE-462B-4209-A3B2-945033349EDF}.Release|Any CPU.Deploy.0 = Release|Any CPU
		{98A505BE-462B-4209-A3B2-945033349EDF}.Release|ARM.ActiveCfg = Release|Any CPU
		{98A505BE-462B-4209-A3B2-945033349EDF}.Release|ARM.Build.0 = Release|Any CPU
		{98A505BE-462B-4209-A3B2-945033349EDF}.Release|ARM.Deploy.0 = Release|Any CPU
		{98A505BE-462B-4209-A3B2-945033349EDF}.Release|iPhone.ActiveCfg = Release|Any CPU
		{98A505BE-462B-4209-A3B2-945033349EDF}.Release|iPhone.Build.0 = Release|Any CPU
		{98A505BE-462B-4209-A3B2-945033349EDF}.Release|iPhone.Deploy.0 = Release|Any CPU
		{98A505BE-462B-4209-A3B2-945033349EDF}.Release|iPhoneSimulator.ActiveCfg = Release|Any CPU
		{98A505BE-462B-4209-A3B2-945033349EDF}.Release|iPhoneSimulator.Build.0 = Release|Any CPU
		{98A505BE-462B-4209-A3B2-945033349EDF}.Release|iPhoneSimulator.Deploy.0 = Release|Any CPU
		{98A505BE-462B-4209-A3B2-945033349EDF}.Release|x64.ActiveCfg = Release|Any CPU
		{98A505BE-462B-4209-A3B2-945033349EDF}.Release|x64.Build.0 = Release|Any CPU
		{98A505BE-462B-4209-A3B2-945033349EDF}.Release|x64.Deploy.0 = Release|Any CPU
		{98A505BE-462B-4209-A3B2-945033349EDF}.Release|x86.ActiveCfg = Release|Any CPU
		{98A505BE-462B-4209-A3B2-945033349EDF}.Release|x86.Build.0 = Release|Any CPU
		{98A505BE-462B-4209-A3B2-945033349EDF}.Release|x86.Deploy.0 = Release|Any CPU
	EndGlobalSection
	GlobalSection(SolutionProperties) = preSolution
		HideSolutionNode = FALSE
	EndGlobalSection
	GlobalSection(ExtensibilityGlobals) = postSolution
		SolutionGuid = {66EBDBCF-E629-4800-B9FD-416F241277E6}
	EndGlobalSection
EndGlobal
